{
  "name": "divorcy-spa-infrastructure",
  "version": "0.1.0",
  "lockfileVersion": 1,
  "requires": true,
  "dependencies": {
    "@aws-cdk/assets": {
      "version": "1.32.1",
      "resolved": "https://registry.npmjs.org/@aws-cdk/assets/-/assets-1.32.1.tgz",
      "integrity": "sha512-oRgdJozIsk/ipP+iPJXrmBCaNUCgeRiu9pnpZ3LAc/GfFTXsYe/MHOy8fYYFVklQz1slKni9XI+/GqocpIU/EA==",
      "dev": true,
      "requires": {
        "@aws-cdk/core": "1.32.1",
        "@aws-cdk/cx-api": "1.32.1",
        "constructs": "^2.0.0",
        "minimatch": "^3.0.4"
      },
      "dependencies": {
        "balanced-match": {
          "version": "1.0.0",
          "bundled": true,
          "dev": true
        },
        "brace-expansion": {
          "version": "1.1.11",
          "bundled": true,
          "dev": true,
          "requires": {
            "balanced-match": "^1.0.0",
            "concat-map": "0.0.1"
          }
        },
        "concat-map": {
          "version": "0.0.1",
          "bundled": true,
          "dev": true
        },
        "minimatch": {
          "version": "3.0.4",
          "bundled": true,
          "dev": true,
          "requires": {
            "brace-expansion": "^1.1.7"
          }
        }
      }
    },
    "@aws-cdk/aws-amplify": {
      "version": "1.32.1",
      "resolved": "https://registry.npmjs.org/@aws-cdk/aws-amplify/-/aws-amplify-1.32.1.tgz",
      "integrity": "sha512-h+V/2jNF6qy5VqMPFfGW6d51GTrIXXWu/SoIQskwXhVrfarpSripCmshvtpgSGpmoBnsGnJnI+eRj3Fd6eLskg==",
      "dev": true,
      "requires": {
        "@aws-cdk/aws-codebuild": "1.32.1",
        "@aws-cdk/aws-codecommit": "1.32.1",
        "@aws-cdk/aws-iam": "1.32.1",
        "@aws-cdk/aws-kms": "1.32.1",
        "@aws-cdk/aws-secretsmanager": "1.32.1",
        "@aws-cdk/core": "1.32.1",
        "constructs": "^2.0.0"
      }
    },
    "@aws-cdk/aws-cloudformation": {
      "version": "1.32.1",
      "resolved": "https://registry.npmjs.org/@aws-cdk/aws-cloudformation/-/aws-cloudformation-1.32.1.tgz",
      "integrity": "sha512-dbe7/IRn1pCa2sjtT9ev210eaYj+5r5RlQPK38YTEsWfy2zTnAxPRjzkyFk2BZcu/w5NZItIKouIsiQ9fxXYGQ==",
      "dev": true,
      "requires": {
        "@aws-cdk/aws-iam": "1.32.1",
        "@aws-cdk/aws-lambda": "1.32.1",
        "@aws-cdk/aws-s3": "1.32.1",
        "@aws-cdk/aws-sns": "1.32.1",
        "@aws-cdk/core": "1.32.1",
        "@aws-cdk/cx-api": "1.32.1",
        "constructs": "^2.0.0"
      }
    },
    "@aws-cdk/aws-cloudwatch": {
      "version": "1.32.1",
      "resolved": "https://registry.npmjs.org/@aws-cdk/aws-cloudwatch/-/aws-cloudwatch-1.32.1.tgz",
      "integrity": "sha512-QOWS1i9LgZ00J85tSCMjsjg056QBxYSUnr3J3qNkLRhv9bgsLrqVTwiO8zplgLNuwSRKunV813l14oNlvFfFZA==",
      "dev": true,
      "requires": {
        "@aws-cdk/aws-iam": "1.32.1",
        "@aws-cdk/core": "1.32.1",
        "constructs": "^2.0.0"
      }
    },
    "@aws-cdk/aws-codebuild": {
      "version": "1.32.1",
      "resolved": "https://registry.npmjs.org/@aws-cdk/aws-codebuild/-/aws-codebuild-1.32.1.tgz",
      "integrity": "sha512-mwFE7MYz1EyXHn4tPqcxgdJSf4qgwrp6qC3PInY1olZO6EWc/Jny4ce4Nt+tVPI0B9qeE4YfTRYJzESoUtu6Hg==",
      "dev": true,
      "requires": {
        "@aws-cdk/assets": "1.32.1",
        "@aws-cdk/aws-cloudwatch": "1.32.1",
        "@aws-cdk/aws-codecommit": "1.32.1",
        "@aws-cdk/aws-ec2": "1.32.1",
        "@aws-cdk/aws-ecr": "1.32.1",
        "@aws-cdk/aws-ecr-assets": "1.32.1",
        "@aws-cdk/aws-events": "1.32.1",
        "@aws-cdk/aws-iam": "1.32.1",
        "@aws-cdk/aws-kms": "1.32.1",
        "@aws-cdk/aws-s3": "1.32.1",
        "@aws-cdk/aws-s3-assets": "1.32.1",
        "@aws-cdk/aws-secretsmanager": "1.32.1",
        "@aws-cdk/core": "1.32.1",
        "constructs": "^2.0.0"
      }
    },
    "@aws-cdk/aws-codecommit": {
      "version": "1.32.1",
      "resolved": "https://registry.npmjs.org/@aws-cdk/aws-codecommit/-/aws-codecommit-1.32.1.tgz",
      "integrity": "sha512-wqKYDmDVPDFUBsLzH8IqKIVZhHWYfm57aNXsUVuv2SYC3+CLpZ3fI7nSlbUlYq6G6RVIz89qeSO9IoCHCKXqnQ==",
      "dev": true,
      "requires": {
        "@aws-cdk/aws-events": "1.32.1",
        "@aws-cdk/aws-iam": "1.32.1",
        "@aws-cdk/core": "1.32.1",
        "constructs": "^2.0.0"
      }
    },
    "@aws-cdk/aws-ec2": {
      "version": "1.32.1",
      "resolved": "https://registry.npmjs.org/@aws-cdk/aws-ec2/-/aws-ec2-1.32.1.tgz",
      "integrity": "sha512-PaYPvX30X9CGeVM0YxxKBza8rtgHWjvYaoioT85ckno3D9mlszcYZpp256CC3tTeS8ruGm1ZuKDzFJdHDiNM3w==",
      "dev": true,
      "requires": {
        "@aws-cdk/aws-cloudwatch": "1.32.1",
        "@aws-cdk/aws-iam": "1.32.1",
        "@aws-cdk/aws-logs": "1.32.1",
        "@aws-cdk/aws-s3": "1.32.1",
        "@aws-cdk/aws-ssm": "1.32.1",
        "@aws-cdk/core": "1.32.1",
        "@aws-cdk/cx-api": "1.32.1",
        "constructs": "^2.0.0"
      }
    },
    "@aws-cdk/aws-ecr": {
      "version": "1.32.1",
      "resolved": "https://registry.npmjs.org/@aws-cdk/aws-ecr/-/aws-ecr-1.32.1.tgz",
      "integrity": "sha512-SGm0fdUf3iI38o/lytkMKR4UcUTSyQhZXwgKIHhtSSULGs+NGEOyfzHuiQdQa6ebyR4c46zfJUFgAfCLrGu3ZQ==",
      "dev": true,
      "requires": {
        "@aws-cdk/aws-events": "1.32.1",
        "@aws-cdk/aws-iam": "1.32.1",
        "@aws-cdk/core": "1.32.1",
        "constructs": "^2.0.0"
      }
    },
    "@aws-cdk/aws-ecr-assets": {
      "version": "1.32.1",
      "resolved": "https://registry.npmjs.org/@aws-cdk/aws-ecr-assets/-/aws-ecr-assets-1.32.1.tgz",
      "integrity": "sha512-eoBdAtf954YBlCpILv6ss7zlwVZl8E9P18iAA0outPpzXl6AtiT7rHorWg6SOw45Kr8wGLtpbABCDEyECayoFw==",
      "dev": true,
      "requires": {
        "@aws-cdk/assets": "1.32.1",
        "@aws-cdk/aws-cloudformation": "1.32.1",
        "@aws-cdk/aws-ecr": "1.32.1",
        "@aws-cdk/aws-iam": "1.32.1",
        "@aws-cdk/aws-lambda": "1.32.1",
        "@aws-cdk/aws-s3": "1.32.1",
        "@aws-cdk/core": "1.32.1",
        "@aws-cdk/cx-api": "1.32.1",
        "constructs": "^2.0.0",
        "minimatch": "^3.0.4"
      },
      "dependencies": {
        "balanced-match": {
          "version": "1.0.0",
          "bundled": true,
          "dev": true
        },
        "brace-expansion": {
          "version": "1.1.11",
          "bundled": true,
          "dev": true,
          "requires": {
            "balanced-match": "^1.0.0",
            "concat-map": "0.0.1"
          }
        },
        "concat-map": {
          "version": "0.0.1",
          "bundled": true,
          "dev": true
        },
        "minimatch": {
          "version": "3.0.4",
          "bundled": true,
          "dev": true,
          "requires": {
            "brace-expansion": "^1.1.7"
          }
        }
      }
    },
    "@aws-cdk/aws-events": {
      "version": "1.32.1",
      "resolved": "https://registry.npmjs.org/@aws-cdk/aws-events/-/aws-events-1.32.1.tgz",
      "integrity": "sha512-p2hx3JqUPDIuk101JttIXp4AKa3OaScGTOkNJArV/evVmPI3SVOGkMi802EKj2sYWlaprd6RSiysFOOpkGye0g==",
      "dev": true,
      "requires": {
        "@aws-cdk/aws-iam": "1.32.1",
        "@aws-cdk/core": "1.32.1",
        "constructs": "^2.0.0"
      }
    },
    "@aws-cdk/aws-iam": {
      "version": "1.32.1",
      "resolved": "https://registry.npmjs.org/@aws-cdk/aws-iam/-/aws-iam-1.32.1.tgz",
      "integrity": "sha512-34v0yAjvfBnVMKi8tSHfE8lpKbo4ORB6sKCtW185yd9knHGoYSZECAlKaZtiumzGFV/gYTn050d3T+V+bU/GQg==",
      "dev": true,
      "requires": {
        "@aws-cdk/core": "1.32.1",
        "@aws-cdk/region-info": "1.32.1",
        "constructs": "^2.0.0"
      }
    },
    "@aws-cdk/aws-kms": {
      "version": "1.32.1",
      "resolved": "https://registry.npmjs.org/@aws-cdk/aws-kms/-/aws-kms-1.32.1.tgz",
      "integrity": "sha512-VQksrq/4ha04DpGtTrkufa50sdZBduuULZg2tbwuB6/xQ6ZKt1oZ2tin5xXMLXBeMq/97BLfn3QU6B9NXuR9OQ==",
      "dev": true,
      "requires": {
        "@aws-cdk/aws-iam": "1.32.1",
        "@aws-cdk/core": "1.32.1",
        "constructs": "^2.0.0"
      }
    },
    "@aws-cdk/aws-lambda": {
      "version": "1.32.1",
      "resolved": "https://registry.npmjs.org/@aws-cdk/aws-lambda/-/aws-lambda-1.32.1.tgz",
      "integrity": "sha512-h91r8u1b0iQ3S3XOtpQfhPsgUGqxatwvtA+WVroBFsYio9FmK5E8ADBgs6FdvcrU8nDEknh545dNYtqOObkBaA==",
      "dev": true,
      "requires": {
        "@aws-cdk/aws-cloudwatch": "1.32.1",
        "@aws-cdk/aws-ec2": "1.32.1",
        "@aws-cdk/aws-events": "1.32.1",
        "@aws-cdk/aws-iam": "1.32.1",
        "@aws-cdk/aws-logs": "1.32.1",
        "@aws-cdk/aws-s3": "1.32.1",
        "@aws-cdk/aws-s3-assets": "1.32.1",
        "@aws-cdk/aws-sqs": "1.32.1",
        "@aws-cdk/core": "1.32.1",
        "@aws-cdk/cx-api": "1.32.1",
        "constructs": "^2.0.0"
      }
    },
    "@aws-cdk/aws-logs": {
      "version": "1.32.1",
      "resolved": "https://registry.npmjs.org/@aws-cdk/aws-logs/-/aws-logs-1.32.1.tgz",
      "integrity": "sha512-gKOINZJDZ9u4Oy1ZEAq4ytB/G8VKTV0JVBtV+9STa9X2W9SX7slcDVYNLDEjYBpO82mxylMMNnTfkKDtHgVl8A==",
      "dev": true,
      "requires": {
        "@aws-cdk/aws-cloudwatch": "1.32.1",
        "@aws-cdk/aws-iam": "1.32.1",
        "@aws-cdk/core": "1.32.1",
        "constructs": "^2.0.0"
      }
    },
    "@aws-cdk/aws-s3": {
      "version": "1.32.1",
      "resolved": "https://registry.npmjs.org/@aws-cdk/aws-s3/-/aws-s3-1.32.1.tgz",
      "integrity": "sha512-fr5CP5M7jo9j4xEd/Hay0M3Du+TiqC1Tl0wUg4MUKT/N+1TkgdiFZTEiwOJQ7Dxmx9qY2ORew+Uhy3kXCCuZ9g==",
      "dev": true,
      "requires": {
        "@aws-cdk/aws-events": "1.32.1",
        "@aws-cdk/aws-iam": "1.32.1",
        "@aws-cdk/aws-kms": "1.32.1",
        "@aws-cdk/core": "1.32.1",
        "constructs": "^2.0.0"
      }
    },
    "@aws-cdk/aws-s3-assets": {
      "version": "1.32.1",
      "resolved": "https://registry.npmjs.org/@aws-cdk/aws-s3-assets/-/aws-s3-assets-1.32.1.tgz",
      "integrity": "sha512-Qq47WWiyRySiuQO2CAOfMLiO+Pc/iL7FTvW7319y7OfF20NYTR5VpFhZB7RvSfNVB985R3nI+SF8JunmC4TdDQ==",
      "dev": true,
      "requires": {
        "@aws-cdk/assets": "1.32.1",
        "@aws-cdk/aws-iam": "1.32.1",
        "@aws-cdk/aws-s3": "1.32.1",
        "@aws-cdk/core": "1.32.1",
        "@aws-cdk/cx-api": "1.32.1",
        "constructs": "^2.0.0"
      }
    },
    "@aws-cdk/aws-sam": {
      "version": "1.32.1",
      "resolved": "https://registry.npmjs.org/@aws-cdk/aws-sam/-/aws-sam-1.32.1.tgz",
      "integrity": "sha512-ZJtXcfbe3DNqjnMGoaAy2qu2ZYFDYfBi9QNb33hAEvCFmjfJMWz1r/xcQDF+UTEMU+Z7AZWcvNYpamWCO94L+A==",
      "dev": true,
      "requires": {
        "@aws-cdk/core": "1.32.1",
        "constructs": "^2.0.0"
      }
    },
    "@aws-cdk/aws-secretsmanager": {
      "version": "1.32.1",
      "resolved": "https://registry.npmjs.org/@aws-cdk/aws-secretsmanager/-/aws-secretsmanager-1.32.1.tgz",
      "integrity": "sha512-SRQsXyd/pGEWRPInejv1+xaUUnaixtQ6MkaN3WNq+0lyNUgnYlzWqPsuK5a4gux31ZsVGOGoBxHrJKwDyc43tg==",
      "dev": true,
      "requires": {
        "@aws-cdk/aws-ec2": "1.32.1",
        "@aws-cdk/aws-iam": "1.32.1",
        "@aws-cdk/aws-kms": "1.32.1",
        "@aws-cdk/aws-lambda": "1.32.1",
        "@aws-cdk/aws-sam": "1.32.1",
        "@aws-cdk/core": "1.32.1",
        "constructs": "^2.0.0"
      }
    },
    "@aws-cdk/aws-sns": {
      "version": "1.32.1",
      "resolved": "https://registry.npmjs.org/@aws-cdk/aws-sns/-/aws-sns-1.32.1.tgz",
      "integrity": "sha512-wDxyT7bOYNz16oDB8EjIvNnxxDJQzQC46tSsUrmxOU4WhmjOCFeLSz6Y/JGLiFXgMXqhKJCbm1tFfFYXv+bPvA==",
      "dev": true,
      "requires": {
        "@aws-cdk/aws-cloudwatch": "1.32.1",
        "@aws-cdk/aws-events": "1.32.1",
        "@aws-cdk/aws-iam": "1.32.1",
        "@aws-cdk/aws-kms": "1.32.1",
        "@aws-cdk/core": "1.32.1",
        "constructs": "^2.0.0"
      }
    },
    "@aws-cdk/aws-sqs": {
      "version": "1.32.1",
      "resolved": "https://registry.npmjs.org/@aws-cdk/aws-sqs/-/aws-sqs-1.32.1.tgz",
      "integrity": "sha512-ZWHLEu9FaqohAv8N2wB4lGd7QN9mcpgfoJxHXIp/2cjrG2IFAmkaopWjlc99onSTGaSt3nrFsuMs5VNXRUon3Q==",
      "dev": true,
      "requires": {
        "@aws-cdk/aws-cloudwatch": "1.32.1",
        "@aws-cdk/aws-iam": "1.32.1",
        "@aws-cdk/aws-kms": "1.32.1",
        "@aws-cdk/core": "1.32.1",
        "constructs": "^2.0.0"
      }
    },
    "@aws-cdk/aws-ssm": {
      "version": "1.32.1",
      "resolved": "https://registry.npmjs.org/@aws-cdk/aws-ssm/-/aws-ssm-1.32.1.tgz",
      "integrity": "sha512-BDDp5hEZa0QdjE1/xB1Z9iDw17gbEShYDp/tTimXXPtRPyyFSHvITfz4GFBXXd0Zl/+Vb14ldzfjNjdime5wxw==",
      "dev": true,
      "requires": {
        "@aws-cdk/aws-iam": "1.32.1",
        "@aws-cdk/aws-kms": "1.32.1",
        "@aws-cdk/core": "1.32.1",
        "@aws-cdk/cx-api": "1.32.1",
        "constructs": "^2.0.0"
      }
    },
    "@aws-cdk/core": {
      "version": "1.32.1",
      "resolved": "https://registry.npmjs.org/@aws-cdk/core/-/core-1.32.1.tgz",
      "integrity": "sha512-OTc7opW4/JCS1ksFd+zuIe2Uv/EqpNpXJWKSwBKkhcVpPxr7tkNM0HalnJQiQ4b8FUHQnllEYR+37OtNivUd1g==",
      "dev": true,
      "requires": {
        "@aws-cdk/cx-api": "1.32.1",
        "constructs": "^2.0.0"
      }
    },
    "@aws-cdk/cx-api": {
      "version": "1.32.1",
      "resolved": "https://registry.npmjs.org/@aws-cdk/cx-api/-/cx-api-1.32.1.tgz",
      "integrity": "sha512-3jALQD6njam6Rc6X9A+Rih7QHtlbXvG2qtPs6lWexVX6xXhCrfi3fQqq7+AJ3oXte2Gc3baPU81kNfrki8tiNQ==",
      "dev": true,
      "requires": {
        "semver": "^7.2.1"
      }
    },
    "@aws-cdk/region-info": {
      "version": "1.32.1",
      "resolved": "https://registry.npmjs.org/@aws-cdk/region-info/-/region-info-1.32.1.tgz",
      "integrity": "sha512-JxGfgtPEP+8CFX2cd111wHxwarpy8iTCW0w1b5EuQfqpV3rX908aWH3Nj1zLnv5TzPAGJ0yHZSvutbWgd6jpSg==",
      "dev": true
    },
    "@types/node": {
      "version": "13.11.1",
      "resolved": "https://registry.npmjs.org/@types/node/-/node-13.11.1.tgz",
      "integrity": "sha512-eWQGP3qtxwL8FGneRrC5DwrJLGN4/dH1clNTuLfN81HCrxVtxRjygDTUoZJ5ASlDEeo0ppYFQjQIlXhtXpOn6g==",
      "dev": true
    },
    "@types/npm": {
      "version": "2.0.31",
      "resolved": "https://registry.npmjs.org/@types/npm/-/npm-2.0.31.tgz",
      "integrity": "sha512-v4JpUx83wVGItleYsnYeZrM8NTLSnYDfTE/iGm4owy6zZPNFNmnsvvrxiYtG3cVHt/XutzTjUBQ9Bh8bnvEkCw==",
      "dev": true,
      "requires": {
        "@types/node": "*"
      }
    },
    "@types/uuid": {
      "version": "7.0.2",
      "resolved": "https://registry.npmjs.org/@types/uuid/-/uuid-7.0.2.tgz",
      "integrity": "sha512-8Ly3zIPTnT0/8RCU6Kg/G3uTICf9sRwYOpUzSIM3503tLIKcnJPRuinHhXngJUy2MntrEf6dlpOHXJju90Qh5w==",
      "dev": true
    },
    "constructs": {
      "version": "2.0.1",
      "resolved": "https://registry.npmjs.org/constructs/-/constructs-2.0.1.tgz",
      "integrity": "sha512-edR85YFGI9TBT9byAo5vAfI0PRi+jFGzinwN3RAJwKfv6Yc9x9kALYfoEmgotp95qT7/k/iUQWHrH9BMJeqpdg==",
      "dev": true
    },
    "dotenv": {
      "version": "8.2.0",
      "resolved": "https://registry.npmjs.org/dotenv/-/dotenv-8.2.0.tgz",
      "integrity": "sha512-8sJ78ElpbDJBHNeBzUbUVLsqKdccaa/BXF1uPTw3GrvQTBgrQrtObr2mUrE38vzYd8cEv+m/JBfDLioYcfXoaw=="
    },
    "lru-cache": {
      "version": "6.0.0",
      "resolved": "https://registry.npmjs.org/lru-cache/-/lru-cache-6.0.0.tgz",
      "integrity": "sha512-Jo6dJ04CmSjuznwJSS3pUeWmd/H0ffTlkXXgwZi+eq1UCmqQwCh+eLsYOYCwY991i2Fah4h1BEMCx4qThGbsiA==",
      "dev": true,
      "requires": {
        "yallist": "^4.0.0"
      }
    },
    "semver": {
      "version": "7.5.3",
      "resolved": "https://registry.npmjs.org/semver/-/semver-7.5.3.tgz",
      "integrity": "sha512-QBlUtyVk/5EeHbi7X0fw6liDZc7BBmEaSYn01fMU1OUYbf6GPsbTtd8WmnqbI20SeycoHSeiybkE/q1Q+qlThQ==",
      "dev": true,
      "requires": {
        "lru-cache": "^6.0.0"
      }
    },
    "typescript": {
      "version": "3.8.3",
      "resolved": "https://registry.npmjs.org/typescript/-/typescript-3.8.3.tgz",
      "integrity": "sha512-MYlEfn5VrLNsgudQTVJeNaQFUAI7DkhnOjdpAp4T+ku1TfQClewlbSuTVHiA+8skNBgaf02TL/kLOvig4y3G8w==",
      "dev": true
    },
    "yallist": {
      "version": "4.0.0",
      "resolved": "https://registry.npmjs.org/yallist/-/yallist-4.0.0.tgz",
      "integrity": "sha512-3wdGidZyq5PB084XLES5TpOSRA3wjXAlIWMhum2kRcv/41Sn2emQ0dycQW4uZXLejwKvg6EsvbdlVL+FYEct7A==",
      "dev": true
    }
  }
}
